
Microsoft Visual Studio Solution File, Format Version 12.00
# Visual Studio Version 17
VisualStudioVersion = 17.4.33205.214
MinimumVisualStudioVersion = 10.0.40219.1
Project("{9A19103F-16F7-4668-BE54-9A1E7A4F7556}") = "Rain Meadow", "Rain Meadow.csproj", "{32046812-711A-42BB-8ED1-633A0F67014F}"
EndProject
Global
	GlobalSection(SolutionConfigurationPlatforms) = preSolution
		ArenaP2P|Any CPU = ArenaP2P|Any CPU
		Debug|Any CPU = Debug|Any CPU
		FreeRoamP2P|Any CPU = FreeRoamP2P|Any CPU
		LocalP2P|Any CPU = LocalP2P|Any CPU
		Release|Any CPU = Release|Any CPU
		StoryP2P|Any CPU = StoryP2P|Any CPU
	EndGlobalSection
	GlobalSection(ProjectConfigurationPlatforms) = postSolution
		{32046812-711A-42BB-8ED1-633A0F67014F}.ArenaP2P|Any CPU.ActiveCfg = ArenaP2P|Any CPU
		{32046812-711A-42BB-8ED1-633A0F67014F}.ArenaP2P|Any CPU.Build.0 = ArenaP2P|Any CPU
		{32046812-711A-42BB-8ED1-633A0F67014F}.Debug|Any CPU.ActiveCfg = Debug|Any CPU
		{32046812-711A-42BB-8ED1-633A0F67014F}.Debug|Any CPU.Build.0 = Debug|Any CPU
		{32046812-711A-42BB-8ED1-633A0F67014F}.FreeRoamP2P|Any CPU.ActiveCfg = FreeRoamP2P|Any CPU
		{32046812-711A-42BB-8ED1-633A0F67014F}.FreeRoamP2P|Any CPU.Build.0 = FreeRoamP2P|Any CPU
		{32046812-711A-42BB-8ED1-633A0F67014F}.LocalP2P|Any CPU.ActiveCfg = LocalP2P|Any CPU
		{32046812-711A-42BB-8ED1-633A0F67014F}.LocalP2P|Any CPU.Build.0 = LocalP2P|Any CPU
		{32046812-711A-42BB-8ED1-633A0F67014F}.Release|Any CPU.ActiveCfg = Release|Any CPU
		{32046812-711A-42BB-8ED1-633A0F67014F}.Release|Any CPU.Build.0 = Release|Any CPU
		{32046812-711A-42BB-8ED1-633A0F67014F}.StoryP2P|Any CPU.ActiveCfg = StoryP2P|Any CPU
		{32046812-711A-42BB-8ED1-633A0F67014F}.StoryP2P|Any CPU.Build.0 = StoryP2P|Any CPU
	EndGlobalSection
	GlobalSection(SolutionProperties) = preSolution
		HideSolutionNode = FALSE
	EndGlobalSection
	GlobalSection(ExtensibilityGlobals) = postSolution
		SolutionGuid = {53501D25-17F7-4DA9-AD81-54E720FCE708}
	EndGlobalSection
EndGlobal
