
Microsoft Visual Studio Solution File, Format Version 12.00
# Visual Studio Version 17
VisualStudioVersion = 17.4.33122.133
MinimumVisualStudioVersion = 10.0.40219.1
Project("{FAE04EC0-301F-11D3-BF4B-00C04F79EFBC}") = "Rain Meadow", "Rain Meadow.csproj", "{24026300-BFAB-4C75-926D-B6404B12C712}"
EndProject
Global
	GlobalSection(SolutionConfigurationPlatforms) = preSolution
		Debug|Any CPU = Debug|Any CPU
		Release|Any CPU = Release|Any CPU
	EndGlobalSection
	GlobalSection(ProjectConfigurationPlatforms) = postSolution
		{24026300-BFAB-4C75-926D-B6404B12C712}.Debug|Any CPU.ActiveCfg = Debug|Any CPU
		{24026300-BFAB-4C75-926D-B6404B12C712}.Debug|Any CPU.Build.0 = Debug|Any CPU
		{24026300-BFAB-4C75-926D-B6404B12C712}.Release|Any CPU.ActiveCfg = Release|Any CPU
		{24026300-BFAB-4C75-926D-B6404B12C712}.Release|Any CPU.Build.0 = Release|Any CPU
	EndGlobalSection
	GlobalSection(SolutionProperties) = preSolution
		HideSolutionNode = FALSE
	EndGlobalSection
	GlobalSection(ExtensibilityGlobals) = postSolution
		SolutionGuid = {5F836E98-415A-4AFF-BEC5-CDBBBBC39441}
	EndGlobalSection
EndGlobal
